
Microsoft Visual Studio Solution File, Format Version 12.00
# Visual Studio 2012
Project("{8BC9CEB8-8B4A-11D0-8D11-00A0C91BC942}") = "Davinci_Final", "Davinci_Final\Davinci_Final.vcxproj", "{2928CA56-5D85-48ED-BBB9-134D1897863B}"
EndProject
Global
	GlobalSection(SolutionConfigurationPlatforms) = preSolution
		Debug|Win32 = Debug|Win32
		Release|Win32 = Release|Win32
	EndGlobalSection
	GlobalSection(ProjectConfigurationPlatforms) = postSolution
		{2928CA56-5D85-48ED-BBB9-134D1897863B}.Debug|Win32.ActiveCfg = Debug|Win32
		{2928CA56-5D85-48ED-BBB9-134D1897863B}.Debug|Win32.Build.0 = Debug|Win32
		{2928CA56-5D85-48ED-BBB9-134D1897863B}.Release|Win32.ActiveCfg = Release|Win32
		{2928CA56-5D85-48ED-BBB9-134D1897863B}.Release|Win32.Build.0 = Release|Win32
	EndGlobalSection
	GlobalSection(SolutionProperties) = preSolution
		HideSolutionNode = FALSE
	EndGlobalSection
	GlobalSection(Performance) = preSolution
		HasPerformanceSessions = true
	EndGlobalSection
EndGlobal
